{
  "name": "projektaplikacje",
  "version": "1.0.0",
  "lockfileVersion": 3,
  "requires": true,
  "packages": {
    "": {
      "name": "projektaplikacje",
      "version": "1.0.0",
      "license": "ISC",
      "dependencies": {
        "unique-string-generator": "^1.1.1"
      }
    },
    "node_modules/js-base64": {
      "version": "3.7.2",
      "resolved": "https://registry.npmjs.org/js-base64/-/js-base64-3.7.2.tgz",
      "integrity": "sha512-NnRs6dsyqUXejqk/yv2aiXlAvOs56sLkX6nUdeaNezI5LFFLlsZjOThmwnrcwh5ZZRwZlCMnVAY3CvhIhoVEKQ==",
      "license": "BSD-3-Clause"
    },
    "node_modules/unique-string-generator": {
      "version": "1.1.1",
      "resolved": "https://registry.npmjs.org/unique-string-generator/-/unique-string-generator-1.1.1.tgz",
      "integrity": "sha512-OScuWaQLe6Zbp+2xKeKOdMtoqIM6EDBxs5XJ1H6XspmCtPDs3+BW11iPxhrX8R/Oqm7XqpCw1CG+zcDOrfuM4A==",
      "license": "MIT",
      "dependencies": {
        "js-base64": "3.7.2",
        "uuid": "^9.0.0"
      }
    },
    "node_modules/uuid": {
      "version": "9.0.1",
      "resolved": "https://registry.npmjs.org/uuid/-/uuid-9.0.1.tgz",
      "integrity": "sha512-b+1eJOlsR9K8HJpow9Ok3fiWOWSIcIzXodvv0rQjVoOVNpWMpxf1wZNpt4y9h10odCNrqnYp1OBzRktckBe3sA==",
      "funding": [
        "https://github.com/sponsors/broofa",
        "https://github.com/sponsors/ctavan"
      ],
      "license": "MIT",
      "bin": {
        "uuid": "dist/bin/uuid"
      }
    }
  }
}
